// !$*UTF8*$!
{
	archiveVersion = 1;
	classes = {
	};
	objectVersion = 56;
	objects = {

/* Begin PBXBuildFile section */
		3048A66D29C10CFD007C7B8E /* ListPokemon.swift in Sources */ = {isa = PBXBuildFile; fileRef = 3048A66C29C10CFD007C7B8E /* ListPokemon.swift */; };
		3048A66F29C10DEA007C7B8E /* DetailPokemon.swift in Sources */ = {isa = PBXBuildFile; fileRef = 3048A66E29C10DEA007C7B8E /* DetailPokemon.swift */; };
		3048A67129C10FF3007C7B8E /* Worker.swift in Sources */ = {isa = PBXBuildFile; fileRef = 3048A67029C10FF3007C7B8E /* Worker.swift */; };
		3052B70329C0EBEB006E1FC6 /* AppDelegate.swift in Sources */ = {isa = PBXBuildFile; fileRef = 3052B70229C0EBEB006E1FC6 /* AppDelegate.swift */; };
		3052B70529C0EBEB006E1FC6 /* SceneDelegate.swift in Sources */ = {isa = PBXBuildFile; fileRef = 3052B70429C0EBEB006E1FC6 /* SceneDelegate.swift */; };
		3052B70C29C0EBED006E1FC6 /* Assets.xcassets in Resources */ = {isa = PBXBuildFile; fileRef = 3052B70B29C0EBED006E1FC6 /* Assets.xcassets */; };
		3052B70F29C0EBED006E1FC6 /* LaunchScreen.storyboard in Resources */ = {isa = PBXBuildFile; fileRef = 3052B70D29C0EBED006E1FC6 /* LaunchScreen.storyboard */; };
		3052B71E29C0EDE0006E1FC6 /* ListPokemonViewController.swift in Sources */ = {isa = PBXBuildFile; fileRef = 3052B71D29C0EDE0006E1FC6 /* ListPokemonViewController.swift */; };
		3052B72029C0EDF2006E1FC6 /* Coordinator.swift in Sources */ = {isa = PBXBuildFile; fileRef = 3052B71F29C0EDF2006E1FC6 /* Coordinator.swift */; };
		309F18AB29C0F79C002997BA /* LisyPokemonView.swift in Sources */ = {isa = PBXBuildFile; fileRef = 309F18AA29C0F79C002997BA /* LisyPokemonView.swift */; };
		309F18AD29C0F967002997BA /* ListPokemonViewModel.swift in Sources */ = {isa = PBXBuildFile; fileRef = 309F18AC29C0F967002997BA /* ListPokemonViewModel.swift */; };
		309F18B029C0FADA002997BA /* DetailPokemonViewController.swift in Sources */ = {isa = PBXBuildFile; fileRef = 309F18AF29C0FADA002997BA /* DetailPokemonViewController.swift */; };
		309F18B229C0FB0A002997BA /* DetailPokemonView.swift in Sources */ = {isa = PBXBuildFile; fileRef = 309F18B129C0FB0A002997BA /* DetailPokemonView.swift */; };
		309F18B429C100ED002997BA /* DetailPokemonViewModel.swift in Sources */ = {isa = PBXBuildFile; fileRef = 309F18B329C100ED002997BA /* DetailPokemonViewModel.swift */; };
		309F18B629C104DC002997BA /* RequestGenerics.swift in Sources */ = {isa = PBXBuildFile; fileRef = 309F18B529C104DC002997BA /* RequestGenerics.swift */; };
		30E9ADD529C1251000984004 /* CellListPokemonTableViewCell.swift in Sources */ = {isa = PBXBuildFile; fileRef = 30E9ADD429C1251000984004 /* CellListPokemonTableViewCell.swift */; };
		30E9ADD829C12F2600984004 /* CellDetailPokemonTableViewCell.swift in Sources */ = {isa = PBXBuildFile; fileRef = 30E9ADD729C12F2600984004 /* CellDetailPokemonTableViewCell.swift */; };
/* End PBXBuildFile section */

/* Begin PBXFileReference section */
		3048A66C29C10CFD007C7B8E /* ListPokemon.swift */ = {isa = PBXFileReference; lastKnownFileType = sourcecode.swift; path = ListPokemon.swift; sourceTree = "<group>"; };
		3048A66E29C10DEA007C7B8E /* DetailPokemon.swift */ = {isa = PBXFileReference; lastKnownFileType = sourcecode.swift; path = DetailPokemon.swift; sourceTree = "<group>"; };
		3048A67029C10FF3007C7B8E /* Worker.swift */ = {isa = PBXFileReference; lastKnownFileType = sourcecode.swift; path = Worker.swift; sourceTree = "<group>"; };
		3052B6FF29C0EBEB006E1FC6 /* PokemonProject.app */ = {isa = PBXFileReference; explicitFileType = wrapper.application; includeInIndex = 0; path = PokemonProject.app; sourceTree = BUILT_PRODUCTS_DIR; };
		3052B70229C0EBEB006E1FC6 /* AppDelegate.swift */ = {isa = PBXFileReference; lastKnownFileType = sourcecode.swift; path = AppDelegate.swift; sourceTree = "<group>"; };
		3052B70429C0EBEB006E1FC6 /* SceneDelegate.swift */ = {isa = PBXFileReference; lastKnownFileType = sourcecode.swift; path = SceneDelegate.swift; sourceTree = "<group>"; };
		3052B70B29C0EBED006E1FC6 /* Assets.xcassets */ = {isa = PBXFileReference; lastKnownFileType = folder.assetcatalog; path = Assets.xcassets; sourceTree = "<group>"; };
		3052B70E29C0EBED006E1FC6 /* Base */ = {isa = PBXFileReference; lastKnownFileType = file.storyboard; name = Base; path = Base.lproj/LaunchScreen.storyboard; sourceTree = "<group>"; };
		3052B71029C0EBED006E1FC6 /* Info.plist */ = {isa = PBXFileReference; lastKnownFileType = text.plist.xml; path = Info.plist; sourceTree = "<group>"; };
		3052B71D29C0EDE0006E1FC6 /* ListPokemonViewController.swift */ = {isa = PBXFileReference; lastKnownFileType = sourcecode.swift; path = ListPokemonViewController.swift; sourceTree = "<group>"; };
		3052B71F29C0EDF2006E1FC6 /* Coordinator.swift */ = {isa = PBXFileReference; lastKnownFileType = sourcecode.swift; path = Coordinator.swift; sourceTree = "<group>"; };
		309F18AA29C0F79C002997BA /* LisyPokemonView.swift */ = {isa = PBXFileReference; lastKnownFileType = sourcecode.swift; path = LisyPokemonView.swift; sourceTree = "<group>"; };
		309F18AC29C0F967002997BA /* ListPokemonViewModel.swift */ = {isa = PBXFileReference; lastKnownFileType = sourcecode.swift; path = ListPokemonViewModel.swift; sourceTree = "<group>"; };
		309F18AF29C0FADA002997BA /* DetailPokemonViewController.swift */ = {isa = PBXFileReference; lastKnownFileType = sourcecode.swift; path = DetailPokemonViewController.swift; sourceTree = "<group>"; };
		309F18B129C0FB0A002997BA /* DetailPokemonView.swift */ = {isa = PBXFileReference; lastKnownFileType = sourcecode.swift; path = DetailPokemonView.swift; sourceTree = "<group>"; };
		309F18B329C100ED002997BA /* DetailPokemonViewModel.swift */ = {isa = PBXFileReference; lastKnownFileType = sourcecode.swift; path = DetailPokemonViewModel.swift; sourceTree = "<group>"; };
		309F18B529C104DC002997BA /* RequestGenerics.swift */ = {isa = PBXFileReference; lastKnownFileType = sourcecode.swift; path = RequestGenerics.swift; sourceTree = "<group>"; };
		30E9ADD429C1251000984004 /* CellListPokemonTableViewCell.swift */ = {isa = PBXFileReference; lastKnownFileType = sourcecode.swift; path = CellListPokemonTableViewCell.swift; sourceTree = "<group>"; };
		30E9ADD729C12F2600984004 /* CellDetailPokemonTableViewCell.swift */ = {isa = PBXFileReference; lastKnownFileType = sourcecode.swift; path = CellDetailPokemonTableViewCell.swift; sourceTree = "<group>"; };
/* End PBXFileReference section */

/* Begin PBXFrameworksBuildPhase section */
		3052B6FC29C0EBEB006E1FC6 /* Frameworks */ = {
			isa = PBXFrameworksBuildPhase;
			buildActionMask = 2147483647;
			files = (
			);
			runOnlyForDeploymentPostprocessing = 0;
		};
/* End PBXFrameworksBuildPhase section */

/* Begin PBXGroup section */
		3052B6F629C0EBEB006E1FC6 = {
			isa = PBXGroup;
			children = (
				3052B70129C0EBEB006E1FC6 /* PokemonProject */,
				3052B71629C0ED5E006E1FC6 /* Source */,
				3052B70029C0EBEB006E1FC6 /* Products */,
			);
			sourceTree = "<group>";
		};
		3052B70029C0EBEB006E1FC6 /* Products */ = {
			isa = PBXGroup;
			children = (
				3052B6FF29C0EBEB006E1FC6 /* PokemonProject.app */,
			);
			name = Products;
			sourceTree = "<group>";
		};
		3052B70129C0EBEB006E1FC6 /* PokemonProject */ = {
			isa = PBXGroup;
			children = (
				3052B70229C0EBEB006E1FC6 /* AppDelegate.swift */,
				3052B70429C0EBEB006E1FC6 /* SceneDelegate.swift */,
				3052B70B29C0EBED006E1FC6 /* Assets.xcassets */,
				3052B70D29C0EBED006E1FC6 /* LaunchScreen.storyboard */,
				3052B71029C0EBED006E1FC6 /* Info.plist */,
			);
			path = PokemonProject;
			sourceTree = "<group>";
		};
		3052B71629C0ED5E006E1FC6 /* Source */ = {
			isa = PBXGroup;
			children = (
				3052B71A29C0ED82006E1FC6 /* Coordinator */,
				3052B71829C0ED7A006E1FC6 /* Model */,
				3052B71729C0ED76006E1FC6 /* RequestGenerics */,
				3052B71929C0ED7E006E1FC6 /* ViewControllers */,
				3052B71B29C0EDB1006E1FC6 /* Worker */,
			);
			path = Source;
			sourceTree = "<group>";
		};
		3052B71729C0ED76006E1FC6 /* RequestGenerics */ = {
			isa = PBXGroup;
			children = (
				309F18B529C104DC002997BA /* RequestGenerics.swift */,
			);
			path = RequestGenerics;
			sourceTree = "<group>";
		};
		3052B71829C0ED7A006E1FC6 /* Model */ = {
			isa = PBXGroup;
			children = (
				3048A66C29C10CFD007C7B8E /* ListPokemon.swift */,
				3048A66E29C10DEA007C7B8E /* DetailPokemon.swift */,
			);
			path = Model;
			sourceTree = "<group>";
		};
		3052B71929C0ED7E006E1FC6 /* ViewControllers */ = {
			isa = PBXGroup;
			children = (
				309F18AE29C0FA93002997BA /* DetailPokemon */,
				3052B71C29C0EDC7006E1FC6 /* ListPokemon */,
			);
			path = ViewControllers;
			sourceTree = "<group>";
		};
		3052B71A29C0ED82006E1FC6 /* Coordinator */ = {
			isa = PBXGroup;
			children = (
				3052B71F29C0EDF2006E1FC6 /* Coordinator.swift */,
			);
			path = Coordinator;
			sourceTree = "<group>";
		};
		3052B71B29C0EDB1006E1FC6 /* Worker */ = {
			isa = PBXGroup;
			children = (
				3048A67029C10FF3007C7B8E /* Worker.swift */,
			);
			path = Worker;
			sourceTree = "<group>";
		};
		3052B71C29C0EDC7006E1FC6 /* ListPokemon */ = {
			isa = PBXGroup;
			children = (
				30E9ADD329C123AA00984004 /* CellListPokemon */,
				3052B71D29C0EDE0006E1FC6 /* ListPokemonViewController.swift */,
				309F18AC29C0F967002997BA /* ListPokemonViewModel.swift */,
				309F18AA29C0F79C002997BA /* LisyPokemonView.swift */,
			);
			path = ListPokemon;
			sourceTree = "<group>";
		};
		309F18AE29C0FA93002997BA /* DetailPokemon */ = {
			isa = PBXGroup;
			children = (
				30E9ADD629C12ED800984004 /* CellDetailPokemon */,
				309F18B129C0FB0A002997BA /* DetailPokemonView.swift */,
				309F18AF29C0FADA002997BA /* DetailPokemonViewController.swift */,
				309F18B329C100ED002997BA /* DetailPokemonViewModel.swift */,
			);
			path = DetailPokemon;
			sourceTree = "<group>";
		};
		30E9ADD329C123AA00984004 /* CellListPokemon */ = {
			isa = PBXGroup;
			children = (
				30E9ADD429C1251000984004 /* CellListPokemonTableViewCell.swift */,
			);
			path = CellListPokemon;
			sourceTree = "<group>";
		};
		30E9ADD629C12ED800984004 /* CellDetailPokemon */ = {
			isa = PBXGroup;
			children = (
				30E9ADD729C12F2600984004 /* CellDetailPokemonTableViewCell.swift */,
			);
			path = CellDetailPokemon;
			sourceTree = "<group>";
		};
/* End PBXGroup section */

/* Begin PBXNativeTarget section */
		3052B6FE29C0EBEB006E1FC6 /* PokemonProject */ = {
			isa = PBXNativeTarget;
			buildConfigurationList = 3052B71329C0EBED006E1FC6 /* Build configuration list for PBXNativeTarget "PokemonProject" */;
			buildPhases = (
				3052B6FB29C0EBEB006E1FC6 /* Sources */,
				3052B6FC29C0EBEB006E1FC6 /* Frameworks */,
				3052B6FD29C0EBEB006E1FC6 /* Resources */,
			);
			buildRules = (
			);
			dependencies = (
			);
			name = PokemonProject;
			productName = PokemonProject;
			productReference = 3052B6FF29C0EBEB006E1FC6 /* PokemonProject.app */;
			productType = "com.apple.product-type.application";
		};
/* End PBXNativeTarget section */

/* Begin PBXProject section */
		3052B6F729C0EBEB006E1FC6 /* Project object */ = {
			isa = PBXProject;
			attributes = {
				BuildIndependentTargetsInParallel = 1;
				LastSwiftUpdateCheck = 1420;
				LastUpgradeCheck = 1420;
				TargetAttributes = {
					3052B6FE29C0EBEB006E1FC6 = {
						CreatedOnToolsVersion = 14.2;
					};
				};
			};
			buildConfigurationList = 3052B6FA29C0EBEB006E1FC6 /* Build configuration list for PBXProject "PokemonProject" */;
			compatibilityVersion = "Xcode 14.0";
			developmentRegion = en;
			hasScannedForEncodings = 0;
			knownRegions = (
				en,
				Base,
			);
			mainGroup = 3052B6F629C0EBEB006E1FC6;
			productRefGroup = 3052B70029C0EBEB006E1FC6 /* Products */;
			projectDirPath = "";
			projectRoot = "";
			targets = (
				3052B6FE29C0EBEB006E1FC6 /* PokemonProject */,
			);
		};
/* End PBXProject section */

/* Begin PBXResourcesBuildPhase section */
		3052B6FD29C0EBEB006E1FC6 /* Resources */ = {
			isa = PBXResourcesBuildPhase;
			buildActionMask = 2147483647;
			files = (
				3052B70F29C0EBED006E1FC6 /* LaunchScreen.storyboard in Resources */,
				3052B70C29C0EBED006E1FC6 /* Assets.xcassets in Resources */,
			);
			runOnlyForDeploymentPostprocessing = 0;
		};
/* End PBXResourcesBuildPhase section */

/* Begin PBXSourcesBuildPhase section */
		3052B6FB29C0EBEB006E1FC6 /* Sources */ = {
			isa = PBXSourcesBuildPhase;
			buildActionMask = 2147483647;
			files = (
				3052B72029C0EDF2006E1FC6 /* Coordinator.swift in Sources */,
				30E9ADD529C1251000984004 /* CellListPokemonTableViewCell.swift in Sources */,
				3048A67129C10FF3007C7B8E /* Worker.swift in Sources */,
				3048A66D29C10CFD007C7B8E /* ListPokemon.swift in Sources */,
				309F18B429C100ED002997BA /* DetailPokemonViewModel.swift in Sources */,
				309F18B229C0FB0A002997BA /* DetailPokemonView.swift in Sources */,
				3052B71E29C0EDE0006E1FC6 /* ListPokemonViewController.swift in Sources */,
				3052B70329C0EBEB006E1FC6 /* AppDelegate.swift in Sources */,
				30E9ADD829C12F2600984004 /* CellDetailPokemonTableViewCell.swift in Sources */,
				309F18B629C104DC002997BA /* RequestGenerics.swift in Sources */,
				3052B70529C0EBEB006E1FC6 /* SceneDelegate.swift in Sources */,
				309F18B029C0FADA002997BA /* DetailPokemonViewController.swift in Sources */,
				309F18AD29C0F967002997BA /* ListPokemonViewModel.swift in Sources */,
				3048A66F29C10DEA007C7B8E /* DetailPokemon.swift in Sources */,
				309F18AB29C0F79C002997BA /* LisyPokemonView.swift in Sources */,
			);
			runOnlyForDeploymentPostprocessing = 0;
		};
/* End PBXSourcesBuildPhase section */

/* Begin PBXVariantGroup section */
		3052B70D29C0EBED006E1FC6 /* LaunchScreen.storyboard */ = {
			isa = PBXVariantGroup;
			children = (
				3052B70E29C0EBED006E1FC6 /* Base */,
			);
			name = LaunchScreen.storyboard;
			sourceTree = "<group>";
		};
/* End PBXVariantGroup section */

/* Begin XCBuildConfiguration section */
		3052B71129C0EBED006E1FC6 /* Debug */ = {
			isa = XCBuildConfiguration;
			buildSettings = {
				ALWAYS_SEARCH_USER_PATHS = NO;
				CLANG_ANALYZER_NONNULL = YES;
				CLANG_ANALYZER_NUMBER_OBJECT_CONVERSION = YES_AGGRESSIVE;
				CLANG_CXX_LANGUAGE_STANDARD = "gnu++20";
				CLANG_ENABLE_MODULES = YES;
				CLANG_ENABLE_OBJC_ARC = YES;
				CLANG_ENABLE_OBJC_WEAK = YES;
				CLANG_WARN_BLOCK_CAPTURE_AUTORELEASING = YES;
				CLANG_WARN_BOOL_CONVERSION = YES;
				CLANG_WARN_COMMA = YES;
				CLANG_WARN_CONSTANT_CONVERSION = YES;
				CLANG_WARN_DEPRECATED_OBJC_IMPLEMENTATIONS = YES;
				CLANG_WARN_DIRECT_OBJC_ISA_USAGE = YES_ERROR;
				CLANG_WARN_DOCUMENTATION_COMMENTS = YES;
				CLANG_WARN_EMPTY_BODY = YES;
				CLANG_WARN_ENUM_CONVERSION = YES;
				CLANG_WARN_INFINITE_RECURSION = YES;
				CLANG_WARN_INT_CONVERSION = YES;
				CLANG_WARN_NON_LITERAL_NULL_CONVERSION = YES;
				CLANG_WARN_OBJC_IMPLICIT_RETAIN_SELF = YES;
				CLANG_WARN_OBJC_LITERAL_CONVERSION = YES;
				CLANG_WARN_OBJC_ROOT_CLASS = YES_ERROR;
				CLANG_WARN_QUOTED_INCLUDE_IN_FRAMEWORK_HEADER = YES;
				CLANG_WARN_RANGE_LOOP_ANALYSIS = YES;
				CLANG_WARN_STRICT_PROTOTYPES = YES;
				CLANG_WARN_SUSPICIOUS_MOVE = YES;
				CLANG_WARN_UNGUARDED_AVAILABILITY = YES_AGGRESSIVE;
				CLANG_WARN_UNREACHABLE_CODE = YES;
				CLANG_WARN__DUPLICATE_METHOD_MATCH = YES;
				COPY_PHASE_STRIP = NO;
				DEBUG_INFORMATION_FORMAT = dwarf;
				ENABLE_STRICT_OBJC_MSGSEND = YES;
				ENABLE_TESTABILITY = YES;
				GCC_C_LANGUAGE_STANDARD = gnu11;
				GCC_DYNAMIC_NO_PIC = NO;
				GCC_NO_COMMON_BLOCKS = YES;
				GCC_OPTIMIZATION_LEVEL = 0;
				GCC_PREPROCESSOR_DEFINITIONS = (
					"DEBUG=1",
					"$(inherited)",
				);
				GCC_WARN_64_TO_32_BIT_CONVERSION = YES;
				GCC_WARN_ABOUT_RETURN_TYPE = YES_ERROR;
				GCC_WARN_UNDECLARED_SELECTOR = YES;
				GCC_WARN_UNINITIALIZED_AUTOS = YES_AGGRESSIVE;
				GCC_WARN_UNUSED_FUNCTION = YES;
				GCC_WARN_UNUSED_VARIABLE = YES;
				IPHONEOS_DEPLOYMENT_TARGET = 16.2;
				MTL_ENABLE_DEBUG_INFO = INCLUDE_SOURCE;
				MTL_FAST_MATH = YES;
				ONLY_ACTIVE_ARCH = YES;
				SDKROOT = iphoneos;
				SWIFT_ACTIVE_COMPILATION_CONDITIONS = DEBUG;
				SWIFT_OPTIMIZATION_LEVEL = "-Onone";
			};
			name = Debug;
		};
		3052B71229C0EBED006E1FC6 /* Release */ = {
			isa = XCBuildConfiguration;
			buildSettings = {
				ALWAYS_SEARCH_USER_PATHS = NO;
				CLANG_ANALYZER_NONNULL = YES;
				CLANG_ANALYZER_NUMBER_OBJECT_CONVERSION = YES_AGGRESSIVE;
				CLANG_CXX_LANGUAGE_STANDARD = "gnu++20";
				CLANG_ENABLE_MODULES = YES;
				CLANG_ENABLE_OBJC_ARC = YES;
				CLANG_ENABLE_OBJC_WEAK = YES;
				CLANG_WARN_BLOCK_CAPTURE_AUTORELEASING = YES;
				CLANG_WARN_BOOL_CONVERSION = YES;
				CLANG_WARN_COMMA = YES;
				CLANG_WARN_CONSTANT_CONVERSION = YES;
				CLANG_WARN_DEPRECATED_OBJC_IMPLEMENTATIONS = YES;
				CLANG_WARN_DIRECT_OBJC_ISA_USAGE = YES_ERROR;
				CLANG_WARN_DOCUMENTATION_COMMENTS = YES;
				CLANG_WARN_EMPTY_BODY = YES;
				CLANG_WARN_ENUM_CONVERSION = YES;
				CLANG_WARN_INFINITE_RECURSION = YES;
				CLANG_WARN_INT_CONVERSION = YES;
				CLANG_WARN_NON_LITERAL_NULL_CONVERSION = YES;
				CLANG_WARN_OBJC_IMPLICIT_RETAIN_SELF = YES;
				CLANG_WARN_OBJC_LITERAL_CONVERSION = YES;
				CLANG_WARN_OBJC_ROOT_CLASS = YES_ERROR;
				CLANG_WARN_QUOTED_INCLUDE_IN_FRAMEWORK_HEADER = YES;
				CLANG_WARN_RANGE_LOOP_ANALYSIS = YES;
				CLANG_WARN_STRICT_PROTOTYPES = YES;
				CLANG_WARN_SUSPICIOUS_MOVE = YES;
				CLANG_WARN_UNGUARDED_AVAILABILITY = YES_AGGRESSIVE;
				CLANG_WARN_UNREACHABLE_CODE = YES;
				CLANG_WARN__DUPLICATE_METHOD_MATCH = YES;
				COPY_PHASE_STRIP = NO;
				DEBUG_INFORMATION_FORMAT = "dwarf-with-dsym";
				ENABLE_NS_ASSERTIONS = NO;
				ENABLE_STRICT_OBJC_MSGSEND = YES;
				GCC_C_LANGUAGE_STANDARD = gnu11;
				GCC_NO_COMMON_BLOCKS = YES;
				GCC_WARN_64_TO_32_BIT_CONVERSION = YES;
				GCC_WARN_ABOUT_RETURN_TYPE = YES_ERROR;
				GCC_WARN_UNDECLARED_SELECTOR = YES;
				GCC_WARN_UNINITIALIZED_AUTOS = YES_AGGRESSIVE;
				GCC_WARN_UNUSED_FUNCTION = YES;
				GCC_WARN_UNUSED_VARIABLE = YES;
				IPHONEOS_DEPLOYMENT_TARGET = 16.2;
				MTL_ENABLE_DEBUG_INFO = NO;
				MTL_FAST_MATH = YES;
				SDKROOT = iphoneos;
				SWIFT_COMPILATION_MODE = wholemodule;
				SWIFT_OPTIMIZATION_LEVEL = "-O";
				VALIDATE_PRODUCT = YES;
			};
			name = Release;
		};
		3052B71429C0EBED006E1FC6 /* Debug */ = {
			isa = XCBuildConfiguration;
			buildSettings = {
				ASSETCATALOG_COMPILER_APPICON_NAME = AppIcon;
				ASSETCATALOG_COMPILER_GLOBAL_ACCENT_COLOR_NAME = AccentColor;
				CODE_SIGN_STYLE = Automatic;
				CURRENT_PROJECT_VERSION = 1;
				GENERATE_INFOPLIST_FILE = YES;
				INFOPLIST_FILE = PokemonProject/Info.plist;
				INFOPLIST_KEY_UIApplicationSupportsIndirectInputEvents = YES;
				INFOPLIST_KEY_UILaunchStoryboardName = LaunchScreen;
				INFOPLIST_KEY_UIMainStoryboardFile = "";
				INFOPLIST_KEY_UISupportedInterfaceOrientations_iPad = "UIInterfaceOrientationPortrait UIInterfaceOrientationPortraitUpsideDown UIInterfaceOrientationLandscapeLeft UIInterfaceOrientationLandscapeRight";
				INFOPLIST_KEY_UISupportedInterfaceOrientations_iPhone = "UIInterfaceOrientationPortrait UIInterfaceOrientationLandscapeLeft UIInterfaceOrientationLandscapeRight";
				LD_RUNPATH_SEARCH_PATHS = (
					"$(inherited)",
					"@executable_path/Frameworks",
				);
				MARKETING_VERSION = 1.0;
				PRODUCT_BUNDLE_IDENTIFIER = RogerioMartins.com.PokemonProject;
				PRODUCT_NAME = "$(TARGET_NAME)";
				SWIFT_EMIT_LOC_STRINGS = YES;
				SWIFT_VERSION = 5.0;
				TARGETED_DEVICE_FAMILY = "1,2";
			};
			name = Debug;
		};
		3052B71529C0EBED006E1FC6 /* Release */ = {
			isa = XCBuildConfiguration;
			buildSettings = {
				ASSETCATALOG_COMPILER_APPICON_NAME = AppIcon;
				ASSETCATALOG_COMPILER_GLOBAL_ACCENT_COLOR_NAME = AccentColor;
				CODE_SIGN_STYLE = Automatic;
				CURRENT_PROJECT_VERSION = 1;
				GENERATE_INFOPLIST_FILE = YES;
				INFOPLIST_FILE = PokemonProject/Info.plist;
				INFOPLIST_KEY_UIApplicationSupportsIndirectInputEvents = YES;
				INFOPLIST_KEY_UILaunchStoryboardName = LaunchScreen;
				INFOPLIST_KEY_UIMainStoryboardFile = "";
				INFOPLIST_KEY_UISupportedInterfaceOrientations_iPad = "UIInterfaceOrientationPortrait UIInterfaceOrientationPortraitUpsideDown UIInterfaceOrientationLandscapeLeft UIInterfaceOrientationLandscapeRight";
				INFOPLIST_KEY_UISupportedInterfaceOrientations_iPhone = "UIInterfaceOrientationPortrait UIInterfaceOrientationLandscapeLeft UIInterfaceOrientationLandscapeRight";
				LD_RUNPATH_SEARCH_PATHS = (
					"$(inherited)",
					"@executable_path/Frameworks",
				);
				MARKETING_VERSION = 1.0;
				PRODUCT_BUNDLE_IDENTIFIER = RogerioMartins.com.PokemonProject;
				PRODUCT_NAME = "$(TARGET_NAME)";
				SWIFT_EMIT_LOC_STRINGS = YES;
				SWIFT_VERSION = 5.0;
				TARGETED_DEVICE_FAMILY = "1,2";
			};
			name = Release;
		};
/* End XCBuildConfiguration section */

/* Begin XCConfigurationList section */
		3052B6FA29C0EBEB006E1FC6 /* Build configuration list for PBXProject "PokemonProject" */ = {
			isa = XCConfigurationList;
			buildConfigurations = (
				3052B71129C0EBED006E1FC6 /* Debug */,
				3052B71229C0EBED006E1FC6 /* Release */,
			);
			defaultConfigurationIsVisible = 0;
			defaultConfigurationName = Release;
		};
		3052B71329C0EBED006E1FC6 /* Build configuration list for PBXNativeTarget "PokemonProject" */ = {
			isa = XCConfigurationList;
			buildConfigurations = (
				3052B71429C0EBED006E1FC6 /* Debug */,
				3052B71529C0EBED006E1FC6 /* Release */,
			);
			defaultConfigurationIsVisible = 0;
			defaultConfigurationName = Release;
		};
/* End XCConfigurationList section */
	};
	rootObject = 3052B6F729C0EBEB006E1FC6 /* Project object */;
}
